<?xml version="1.0" encoding="utf-8"?>
<Project ToolsVersion="4.0" xmlns="http://schemas.microsoft.com/developer/msbuild/2003">
  <ItemGroup>
    <Filter Include="Source Files">
      <UniqueIdentifier>{4FC737F1-C7A5-4376-A066-2A32D752A2FF}</UniqueIdentifier>
      <Extensions>cpp;c;cc;cxx;def;odl;idl;hpj;bat;asm;asmx</Extensions>
    </Filter>
    <Filter Include="Source Files\JSON">
      <UniqueIdentifier>{ba863f6c-a721-4d3f-9f3d-d4f2cfd1b070}</UniqueIdentifier>
    </Filter>
    <Filter Include="Header Files">
      <UniqueIdentifier>{93995380-89BD-4b04-88EB-625FBE52EBFB}</UniqueIdentifier>
      <Extensions>h;hpp;hxx;hm;inl;inc;xsd</Extensions>
    </Filter>
    <Filter Include="Resource Files">
      <UniqueIdentifier>{67DA6AB6-F800-4c08-8B7A-83BB121AAD01}</UniqueIdentifier>
      <Extensions>rc;ico;cur;bmp;dlg;rc2;rct;bin;rgs;gif;jpg;jpeg;jpe;resx;tiff;tif;png;wav</Extensions>
    </Filter>
    <Filter Include="Header Files\JSON">
      <UniqueIdentifier>{fe08e6c8-e489-452f-95da-a8feecd848be}</UniqueIdentifier>
    </Filter>
  </ItemGroup>
  <ItemGroup>
    <ClCompile Include="BrowserDlg.cpp">
      <Filter>Source Files</Filter>
    </ClCompile>
    <ClCompile Include="explorer1.cpp">
      <Filter>Source Files</Filter>
    </ClCompile>
    <ClCompile Include="stdafx.cpp">
      <Filter>Source Files</Filter>
    </ClCompile>
    <ClCompile Include="Utils.cpp">
      <Filter>Source Files</Filter>
    </ClCompile>
    <ClCompile Include="VkIM.cpp">
      <Filter>Source Files</Filter>
    </ClCompile>
    <ClCompile Include="VkIMDlg.cpp">
      <Filter>Source Files</Filter>
    </ClCompile>
    <ClCompile Include="Connector.cpp">
      <Filter>Source Files</Filter>
    </ClCompile>
    <ClCompile Include="VkAPIRequest.cpp">
      <Filter>Source Files</Filter>
    </ClCompile>
    <ClCompile Include="CryptMD5.cpp">
      <Filter>Source Files</Filter>
    </ClCompile>
    <ClCompile Include="CLTree.cpp">
      <Filter>Source Files</Filter>
    </ClCompile>
    <ClCompile Include="TalkDlg.cpp">
      <Filter>Source Files</Filter>
    </ClCompile>
    <ClCompile Include="TalkTab.cpp">
      <Filter>Source Files</Filter>
    </ClCompile>
    <ClCompile Include="EnBitmap.cpp">
      <Filter>Source Files</Filter>
    </ClCompile>
    <ClCompile Include="Skin.cpp">
      <Filter>Source Files</Filter>
    </ClCompile>
    <ClCompile Include="ClosableTabCtrl.cpp">
      <Filter>Source Files</Filter>
    </ClCompile>
    <ClCompile Include="SettingsDlg.cpp">
      <Filter>Source Files</Filter>
    </ClCompile>
    <ClCompile Include="Lang.cpp">
      <Filter>Source Files</Filter>
    </ClCompile>
    <ClCompile Include="TransparentStatic.cpp">
      <Filter>Source Files</Filter>
    </ClCompile>
    <ClCompile Include="SettingsNotifyDlg.cpp">
      <Filter>Source Files</Filter>
    </ClCompile>
    <ClCompile Include="ExEdit.cpp">
      <Filter>Source Files</Filter>
    </ClCompile>
    <ClCompile Include="SkinButton.cpp">
      <Filter>Source Files</Filter>
    </ClCompile>
    <ClCompile Include="LoadingDlg.cpp">
      <Filter>Source Files</Filter>
    </ClCompile>
    <ClCompile Include="NotificationDlg.cpp">
      <Filter>Source Files</Filter>
    </ClCompile>
    <ClCompile Include="SettingsConnDlg.cpp">
      <Filter>Source Files</Filter>
    </ClCompile>
    <ClCompile Include="SettingsCommonDlg.cpp">
      <Filter>Source Files</Filter>
    </ClCompile>
    <ClCompile Include="Settings.cpp">
      <Filter>Source Files</Filter>
    </ClCompile>
    <ClCompile Include="SearchEdit.cpp">
      <Filter>Source Files</Filter>
    </ClCompile>
    <ClCompile Include="CaptchaDlg.cpp">
      <Filter>Source Files</Filter>
    </ClCompile>
    <ClCompile Include="MessageBoard.cpp">
      <Filter>Source Files</Filter>
    </ClCompile>
    <ClCompile Include="AboutDlg.cpp">
      <Filter>Source Files</Filter>
    </ClCompile>
    <ClCompile Include="Tooltip.cpp">
      <Filter>Source Files</Filter>
    </ClCompile>
    <ClCompile Include="base64.cpp">
      <Filter>Source Files</Filter>
    </ClCompile>
    <ClCompile Include="IEUIHandler.cpp">
      <Filter>Source Files</Filter>
    </ClCompile>
    <ClCompile Include="OpenTalkDlg.cpp">
      <Filter>Source Files</Filter>
    </ClCompile>
    <ClCompile Include="ContactListCtrl.cpp">
      <Filter>Source Files</Filter>
    </ClCompile>
    <ClCompile Include="SetFListsDlg.cpp">
      <Filter>Source Files</Filter>
    </ClCompile>
    <ClCompile Include="JSON_Worker.cpp">
      <Filter>Source Files\JSON</Filter>
    </ClCompile>
    <ClCompile Include="jsonmain.cpp">
      <Filter>Source Files\JSON</Filter>
    </ClCompile>
    <ClCompile Include="JSONNode.cpp">
      <Filter>Source Files\JSON</Filter>
    </ClCompile>
    <ClCompile Include="EpicFailDlg.cpp">
      <Filter>Source Files</Filter>
    </ClCompile>
    <ClCompile Include="MyStackWalker.cpp">
      <Filter>Source Files</Filter>
    </ClCompile>
    <ClCompile Include="StackWalker.cpp">
      <Filter>Source Files</Filter>
    </ClCompile>
    <ClCompile Include="UserInfoTip.cpp">
      <Filter>Source Files</Filter>
    </ClCompile>
    <ClCompile Include="StatusDlg.cpp">
      <Filter>Source Files</Filter>
    </ClCompile>
  </ItemGroup>
  <ItemGroup>
    <ClInclude Include="BrowserDlg.h">
      <Filter>Header Files</Filter>
    </ClInclude>
    <ClInclude Include="explorer1.h">
      <Filter>Header Files</Filter>
    </ClInclude>
    <ClInclude Include="Resource.h">
      <Filter>Header Files</Filter>
    </ClInclude>
    <ClInclude Include="stdafx.h">
      <Filter>Header Files</Filter>
    </ClInclude>
    <ClInclude Include="targetver.h">
      <Filter>Header Files</Filter>
    </ClInclude>
    <ClInclude Include="Utils.h">
      <Filter>Header Files</Filter>
    </ClInclude>
    <ClInclude Include="VkIM.h">
      <Filter>Header Files</Filter>
    </ClInclude>
    <ClInclude Include="VkIMDlg.h">
      <Filter>Header Files</Filter>
    </ClInclude>
    <ClInclude Include="JSON_Defs.h">
      <Filter>Header Files\JSON</Filter>
    </ClInclude>
    <ClInclude Include="JSON_StringConv.h">
      <Filter>Header Files\JSON</Filter>
    </ClInclude>
    <ClInclude Include="JSON_Strings.h">
      <Filter>Header Files\JSON</Filter>
    </ClInclude>
    <ClInclude Include="JSON_Worker.h">
      <Filter>Header Files\JSON</Filter>
    </ClInclude>
    <ClInclude Include="JSONChildren.h">
      <Filter>Header Files\JSON</Filter>
    </ClInclude>
    <ClInclude Include="jsonmain.h">
      <Filter>Header Files\JSON</Filter>
    </ClInclude>
    <ClInclude Include="JSONNode.h">
      <Filter>Header Files\JSON</Filter>
    </ClInclude>
    <ClInclude Include="Connector.h">
      <Filter>Header Files</Filter>
    </ClInclude>
    <ClInclude Include="VkAPIRequest.h">
      <Filter>Header Files</Filter>
    </ClInclude>
    <ClInclude Include="TalkDlg.h">
      <Filter>Header Files</Filter>
    </ClInclude>
    <ClInclude Include="TalkTab.h">
      <Filter>Header Files</Filter>
    </ClInclude>
    <ClInclude Include="EnBitmap.h">
      <Filter>Header Files</Filter>
    </ClInclude>
    <ClInclude Include="CLTree.h">
      <Filter>Header Files</Filter>
    </ClInclude>
    <ClInclude Include="Skin.h">
      <Filter>Header Files</Filter>
    </ClInclude>
    <ClInclude Include="ClosableTabCtrl.h">
      <Filter>Header Files</Filter>
    </ClInclude>
    <ClInclude Include="SettingsDlg.h">
      <Filter>Header Files</Filter>
    </ClInclude>
    <ClInclude Include="Lang.h">
      <Filter>Header Files</Filter>
    </ClInclude>
    <ClInclude Include="SettingsNotifyDlg.h">
      <Filter>Header Files</Filter>
    </ClInclude>
    <ClInclude Include="ExEdit.h">
      <Filter>Header Files</Filter>
    </ClInclude>
    <ClInclude Include="SkinButton.h">
      <Filter>Header Files</Filter>
    </ClInclude>
    <ClInclude Include="LoadingDlg.h">
      <Filter>Header Files</Filter>
    </ClInclude>
    <ClInclude Include="NotificationDlg.h">
      <Filter>Header Files</Filter>
    </ClInclude>
    <ClInclude Include="SettingsConnDlg.h">
      <Filter>Header Files</Filter>
    </ClInclude>
    <ClInclude Include="SettingsCommonDlg.h">
      <Filter>Header Files</Filter>
    </ClInclude>
    <ClInclude Include="Settings.h">
      <Filter>Header Files</Filter>
    </ClInclude>
    <ClInclude Include="SearchEdit.h">
      <Filter>Header Files</Filter>
    </ClInclude>
    <ClInclude Include="CaptchaDlg.h">
      <Filter>Header Files</Filter>
    </ClInclude>
    <ClInclude Include="MessageBoard.h">
      <Filter>Header Files</Filter>
    </ClInclude>
    <ClInclude Include="AboutDlg.h">
      <Filter>Header Files</Filter>
    </ClInclude>
    <ClInclude Include="Tooltip.h">
      <Filter>Header Files</Filter>
    </ClInclude>
    <ClInclude Include="base64.h">
      <Filter>Header Files</Filter>
    </ClInclude>
    <ClInclude Include="IEUIHandler.h">
      <Filter>Header Files</Filter>
    </ClInclude>
    <ClInclude Include="OpenTalkDlg.h">
      <Filter>Header Files</Filter>
    </ClInclude>
    <ClInclude Include="ContactListCtrl.h">
      <Filter>Header Files</Filter>
    </ClInclude>
    <ClInclude Include="TransparentStatic.h">
      <Filter>Header Files</Filter>
    </ClInclude>
    <ClInclude Include="SetFListsDlg.h">
      <Filter>Header Files</Filter>
    </ClInclude>
    <ClInclude Include="EpicFailDlg.h">
      <Filter>Header Files</Filter>
    </ClInclude>
    <ClInclude Include="StackWalker.h">
      <Filter>Header Files</Filter>
    </ClInclude>
    <ClInclude Include="MyStackWalker.h">
      <Filter>Header Files</Filter>
    </ClInclude>
    <ClInclude Include="UserInfoTip.h">
      <Filter>Header Files</Filter>
    </ClInclude>
    <ClInclude Include="StatusDlg.h">
      <Filter>Header Files</Filter>
    </ClInclude>
  </ItemGroup>
  <ItemGroup>
    <None Include="res\VkIM.ico">
      <Filter>Resource Files</Filter>
    </None>
    <None Include="res\VkIM.rc2">
      <Filter>Resource Files</Filter>
    </None>
    <None Include="ReadMe.txt" />
    <None Include="res\tree_closed.bmp">
      <Filter>Resource Files</Filter>
    </None>
    <None Include="res\tree_open.bmp">
      <Filter>Resource Files</Filter>
    </None>
    <None Include="res\bitmap1.bmp">
      <Filter>Resource Files</Filter>
    </None>
    <None Include="..\Skins\VK Style\cnt_events.ico">
      <Filter>Resource Files</Filter>
    </None>
    <None Include="res\icon1.ico">
      <Filter>Resource Files</Filter>
    </None>
    <None Include="res\tray_connected.ico">
      <Filter>Resource Files</Filter>
    </None>
    <None Include="res\tray_disconnected.ico">
      <Filter>Resource Files</Filter>
    </None>
    <None Include="res\1.bmp">
      <Filter>Resource Files</Filter>
    </None>
    <None Include="res\play.ico">
      <Filter>Resource Files</Filter>
    </None>
    <None Include="res\wbuttons.bmp">
      <Filter>Resource Files</Filter>
    </None>
    <None Include="res\fav_chat.ico">
      <Filter>Resource Files</Filter>
    </None>
    <None Include="res\about.bmp">
      <Filter>Resource Files</Filter>
    </None>
    <None Include="res\browse.ico">
      <Filter>Resource Files</Filter>
    </None>
    <None Include="res\att_audio.bmp">
      <Filter>Resource Files</Filter>
    </None>
    <None Include="res\att_photo.bmp">
      <Filter>Resource Files</Filter>
    </None>
    <None Include="res\att_video.bmp">
      <Filter>Resource Files</Filter>
    </None>
  </ItemGroup>
  <ItemGroup>
    <ResourceCompile Include="VkIM.rc">
      <Filter>Resource Files</Filter>
    </ResourceCompile>
  </ItemGroup>
</Project>